
Microsoft Visual Studio Solution File, Format Version 12.00
# Visual Studio Version 17
VisualStudioVersion = 17.1.32328.378
MinimumVisualStudioVersion = 10.0.40219.1
Project("{FAE04EC0-301F-11D3-BF4B-00C04F79EFBC}") = "Application", "src\Application\Application.csproj", "{BE3F6CDF-2328-46FE-891B-73BC05C816EA}"
EndProject
Project("{9A19103F-16F7-4668-BE54-9A1E7A4F7556}") = "Domain", "src\Domain\Domain.csproj", "{F43626C7-F358-4A8E-B910-A222857838BC}"
EndProject
Project("{9A19103F-16F7-4668-BE54-9A1E7A4F7556}") = "Infrastructure", "src\Infrastructure\Infrastructure.csproj", "{A00542FD-B81E-4782-BCBB-19B08C45D5A6}"
EndProject
Project("{2150E333-8FDC-42A3-9474-1A3956D46DE8}") = "Solution Items", "Solution Items", "{B1ABE61F-21B9-46C0-9595-E18D01CA1CDB}"
	ProjectSection(SolutionItems) = preProject
		.editorconfig = .editorconfig
		README.md = README.md
		tye.yaml = tye.yaml
	EndProjectSection
EndProject
Project("{FAE04EC0-301F-11D3-BF4B-00C04F79EFBC}") = "Web", "src\Web\Web.csproj", "{911D8147-A644-4E29-B383-6F7DDD97242B}"
EndProject
Project("{FAE04EC0-301F-11D3-BF4B-00C04F79EFBC}") = "Application.Tests", "test\Application.Tests\Application.Tests.csproj", "{2AAF9A27-EEF9-42A2-B437-E6741747230E}"
EndProject
Project("{2150E333-8FDC-42A3-9474-1A3956D46DE8}") = "src", "src", "{CC4DF350-195A-4AE8-986B-33BCE8451AAF}"
EndProject
Project("{2150E333-8FDC-42A3-9474-1A3956D46DE8}") = "test", "test", "{07C55352-242E-4C75-AFF6-1B68E79FC0C7}"
EndProject
Project("{FAE04EC0-301F-11D3-BF4B-00C04F79EFBC}") = "Specs", "test\Specs\Specs.csproj", "{2E6A6FD3-70DF-43D4-A4BA-05C3820D471D}"
EndProject
Project("{FAE04EC0-301F-11D3-BF4B-00C04F79EFBC}") = "Presentation", "src\Presentation\Presentation.csproj", "{826F8D97-2253-457B-ABF6-1FCC737AE0D3}"
EndProject
Project("{FAE04EC0-301F-11D3-BF4B-00C04F79EFBC}") = "Contracts", "src\Contracts\Contracts.csproj", "{572E794E-21DB-411C-B488-D38021AB1369}"
EndProject
Project("{FAE04EC0-301F-11D3-BF4B-00C04F79EFBC}") = "Consumers", "src\Consumers\Consumers.csproj", "{DBE36746-2537-4649-9B8E-6159A4BC0E91}"
EndProject
Project("{FAE04EC0-301F-11D3-BF4B-00C04F79EFBC}") = "ClientApp", "src\ClientApp\ClientApp.csproj", "{83912CB4-D384-404C-A71C-6E5C96A8BC7A}"
EndProject
Project("{FAE04EC0-301F-11D3-BF4B-00C04F79EFBC}") = "Architecture.Tests", "test\Architecture.Tests\Architecture.Tests.csproj", "{B68D1EE8-2FD7-437F-B9A8-766EBB37BF6C}"
EndProject
Project("{FAE04EC0-301F-11D3-BF4B-00C04F79EFBC}") = "Domain.Tests", "test\Domain.Tests\Domain.Tests.csproj", "{FE271729-6035-4C04-98BA-0E759A70C017}"
EndProject
Project("{FAE04EC0-301F-11D3-BF4B-00C04F79EFBC}") = "IntegrationTests", "test\IntegrationTests\IntegrationTests.csproj", "{E3E9668B-E644-4E8D-9F0D-9D7284197BD5}"
EndProject
Project("{FAE04EC0-301F-11D3-BF4B-00C04F79EFBC}") = "Client", "src\Client\Client.csproj", "{2501F9B7-7773-4B76-9F26-1009AB1C8E7F}"
EndProject
Project("{FAE04EC0-301F-11D3-BF4B-00C04F79EFBC}") = "ClientApp.Tests", "test\ClientApp.Tests\ClientApp.Tests.csproj", "{AB0D98A0-4114-47CD-8BEF-ABE9054EFFBE}"
EndProject
Project("{FAE04EC0-301F-11D3-BF4B-00C04F79EFBC}") = "Infrastructure.Tests", "test\Infrastructure.Tests\Infrastructure.Tests.csproj", "{7F0E756F-48EC-4273-9858-DC4C7E9FC179}"
EndProject
Project("{FAE04EC0-301F-11D3-BF4B-00C04F79EFBC}") = "HealthChecks", "src\HealthChecks\HealthChecks.csproj", "{F3B1D79F-B13A-458D-9B77-9DF7C41AB317}"
EndProject
Project("{FAE04EC0-301F-11D3-BF4B-00C04F79EFBC}") = "IdentityService", "src\IdentityService\IdentityService.csproj", "{855EC777-26EF-451D-8B9D-3220250BDA26}"
EndProject
Project("{2150E333-8FDC-42A3-9474-1A3956D46DE8}") = "Other", "Other", "{681B7E4D-8679-4B27-A52A-D67D179CBD69}"
EndProject
Global
	GlobalSection(SolutionConfigurationPlatforms) = preSolution
		Debug|Any CPU = Debug|Any CPU
		Release|Any CPU = Release|Any CPU
	EndGlobalSection
	GlobalSection(ProjectConfigurationPlatforms) = postSolution
		{BE3F6CDF-2328-46FE-891B-73BC05C816EA}.Debug|Any CPU.ActiveCfg = Debug|Any CPU
		{BE3F6CDF-2328-46FE-891B-73BC05C816EA}.Debug|Any CPU.Build.0 = Debug|Any CPU
		{BE3F6CDF-2328-46FE-891B-73BC05C816EA}.Release|Any CPU.ActiveCfg = Release|Any CPU
		{BE3F6CDF-2328-46FE-891B-73BC05C816EA}.Release|Any CPU.Build.0 = Release|Any CPU
		{F43626C7-F358-4A8E-B910-A222857838BC}.Debug|Any CPU.ActiveCfg = Debug|Any CPU
		{F43626C7-F358-4A8E-B910-A222857838BC}.Debug|Any CPU.Build.0 = Debug|Any CPU
		{F43626C7-F358-4A8E-B910-A222857838BC}.Release|Any CPU.ActiveCfg = Release|Any CPU
		{F43626C7-F358-4A8E-B910-A222857838BC}.Release|Any CPU.Build.0 = Release|Any CPU
		{A00542FD-B81E-4782-BCBB-19B08C45D5A6}.Debug|Any CPU.ActiveCfg = Debug|Any CPU
		{A00542FD-B81E-4782-BCBB-19B08C45D5A6}.Debug|Any CPU.Build.0 = Debug|Any CPU
		{A00542FD-B81E-4782-BCBB-19B08C45D5A6}.Release|Any CPU.ActiveCfg = Release|Any CPU
		{A00542FD-B81E-4782-BCBB-19B08C45D5A6}.Release|Any CPU.Build.0 = Release|Any CPU
		{911D8147-A644-4E29-B383-6F7DDD97242B}.Debug|Any CPU.ActiveCfg = Debug|Any CPU
		{911D8147-A644-4E29-B383-6F7DDD97242B}.Debug|Any CPU.Build.0 = Debug|Any CPU
		{911D8147-A644-4E29-B383-6F7DDD97242B}.Release|Any CPU.ActiveCfg = Release|Any CPU
		{911D8147-A644-4E29-B383-6F7DDD97242B}.Release|Any CPU.Build.0 = Release|Any CPU
		{2AAF9A27-EEF9-42A2-B437-E6741747230E}.Debug|Any CPU.ActiveCfg = Debug|Any CPU
		{2AAF9A27-EEF9-42A2-B437-E6741747230E}.Debug|Any CPU.Build.0 = Debug|Any CPU
		{2AAF9A27-EEF9-42A2-B437-E6741747230E}.Release|Any CPU.ActiveCfg = Release|Any CPU
		{2AAF9A27-EEF9-42A2-B437-E6741747230E}.Release|Any CPU.Build.0 = Release|Any CPU
		{2E6A6FD3-70DF-43D4-A4BA-05C3820D471D}.Debug|Any CPU.ActiveCfg = Debug|Any CPU
		{2E6A6FD3-70DF-43D4-A4BA-05C3820D471D}.Debug|Any CPU.Build.0 = Debug|Any CPU
		{2E6A6FD3-70DF-43D4-A4BA-05C3820D471D}.Release|Any CPU.ActiveCfg = Release|Any CPU
		{2E6A6FD3-70DF-43D4-A4BA-05C3820D471D}.Release|Any CPU.Build.0 = Release|Any CPU
		{826F8D97-2253-457B-ABF6-1FCC737AE0D3}.Debug|Any CPU.ActiveCfg = Debug|Any CPU
		{826F8D97-2253-457B-ABF6-1FCC737AE0D3}.Debug|Any CPU.Build.0 = Debug|Any CPU
		{826F8D97-2253-457B-ABF6-1FCC737AE0D3}.Release|Any CPU.ActiveCfg = Release|Any CPU
		{826F8D97-2253-457B-ABF6-1FCC737AE0D3}.Release|Any CPU.Build.0 = Release|Any CPU
		{572E794E-21DB-411C-B488-D38021AB1369}.Debug|Any CPU.ActiveCfg = Debug|Any CPU
		{572E794E-21DB-411C-B488-D38021AB1369}.Debug|Any CPU.Build.0 = Debug|Any CPU
		{572E794E-21DB-411C-B488-D38021AB1369}.Release|Any CPU.ActiveCfg = Release|Any CPU
		{572E794E-21DB-411C-B488-D38021AB1369}.Release|Any CPU.Build.0 = Release|Any CPU
		{DBE36746-2537-4649-9B8E-6159A4BC0E91}.Debug|Any CPU.ActiveCfg = Debug|Any CPU
		{DBE36746-2537-4649-9B8E-6159A4BC0E91}.Debug|Any CPU.Build.0 = Debug|Any CPU
		{DBE36746-2537-4649-9B8E-6159A4BC0E91}.Release|Any CPU.ActiveCfg = Release|Any CPU
		{DBE36746-2537-4649-9B8E-6159A4BC0E91}.Release|Any CPU.Build.0 = Release|Any CPU
		{83912CB4-D384-404C-A71C-6E5C96A8BC7A}.Debug|Any CPU.ActiveCfg = Debug|Any CPU
		{83912CB4-D384-404C-A71C-6E5C96A8BC7A}.Debug|Any CPU.Build.0 = Debug|Any CPU
		{83912CB4-D384-404C-A71C-6E5C96A8BC7A}.Release|Any CPU.ActiveCfg = Release|Any CPU
		{83912CB4-D384-404C-A71C-6E5C96A8BC7A}.Release|Any CPU.Build.0 = Release|Any CPU
		{B68D1EE8-2FD7-437F-B9A8-766EBB37BF6C}.Debug|Any CPU.ActiveCfg = Debug|Any CPU
		{B68D1EE8-2FD7-437F-B9A8-766EBB37BF6C}.Debug|Any CPU.Build.0 = Debug|Any CPU
		{B68D1EE8-2FD7-437F-B9A8-766EBB37BF6C}.Release|Any CPU.ActiveCfg = Release|Any CPU
		{B68D1EE8-2FD7-437F-B9A8-766EBB37BF6C}.Release|Any CPU.Build.0 = Release|Any CPU
		{FE271729-6035-4C04-98BA-0E759A70C017}.Debug|Any CPU.ActiveCfg = Debug|Any CPU
		{FE271729-6035-4C04-98BA-0E759A70C017}.Debug|Any CPU.Build.0 = Debug|Any CPU
		{FE271729-6035-4C04-98BA-0E759A70C017}.Release|Any CPU.ActiveCfg = Release|Any CPU
		{FE271729-6035-4C04-98BA-0E759A70C017}.Release|Any CPU.Build.0 = Release|Any CPU
		{E3E9668B-E644-4E8D-9F0D-9D7284197BD5}.Debug|Any CPU.ActiveCfg = Debug|Any CPU
		{E3E9668B-E644-4E8D-9F0D-9D7284197BD5}.Debug|Any CPU.Build.0 = Debug|Any CPU
		{E3E9668B-E644-4E8D-9F0D-9D7284197BD5}.Release|Any CPU.ActiveCfg = Release|Any CPU
		{E3E9668B-E644-4E8D-9F0D-9D7284197BD5}.Release|Any CPU.Build.0 = Release|Any CPU
		{2501F9B7-7773-4B76-9F26-1009AB1C8E7F}.Debug|Any CPU.ActiveCfg = Debug|Any CPU
		{2501F9B7-7773-4B76-9F26-1009AB1C8E7F}.Debug|Any CPU.Build.0 = Debug|Any CPU
		{2501F9B7-7773-4B76-9F26-1009AB1C8E7F}.Release|Any CPU.ActiveCfg = Release|Any CPU
		{2501F9B7-7773-4B76-9F26-1009AB1C8E7F}.Release|Any CPU.Build.0 = Release|Any CPU
		{AB0D98A0-4114-47CD-8BEF-ABE9054EFFBE}.Debug|Any CPU.ActiveCfg = Debug|Any CPU
		{AB0D98A0-4114-47CD-8BEF-ABE9054EFFBE}.Debug|Any CPU.Build.0 = Debug|Any CPU
		{AB0D98A0-4114-47CD-8BEF-ABE9054EFFBE}.Release|Any CPU.ActiveCfg = Release|Any CPU
		{AB0D98A0-4114-47CD-8BEF-ABE9054EFFBE}.Release|Any CPU.Build.0 = Release|Any CPU
		{7F0E756F-48EC-4273-9858-DC4C7E9FC179}.Debug|Any CPU.ActiveCfg = Debug|Any CPU
		{7F0E756F-48EC-4273-9858-DC4C7E9FC179}.Debug|Any CPU.Build.0 = Debug|Any CPU
		{7F0E756F-48EC-4273-9858-DC4C7E9FC179}.Release|Any CPU.ActiveCfg = Release|Any CPU
		{7F0E756F-48EC-4273-9858-DC4C7E9FC179}.Release|Any CPU.Build.0 = Release|Any CPU
		{F3B1D79F-B13A-458D-9B77-9DF7C41AB317}.Debug|Any CPU.ActiveCfg = Debug|Any CPU
		{F3B1D79F-B13A-458D-9B77-9DF7C41AB317}.Debug|Any CPU.Build.0 = Debug|Any CPU
		{F3B1D79F-B13A-458D-9B77-9DF7C41AB317}.Release|Any CPU.ActiveCfg = Release|Any CPU
		{F3B1D79F-B13A-458D-9B77-9DF7C41AB317}.Release|Any CPU.Build.0 = Release|Any CPU
		{855EC777-26EF-451D-8B9D-3220250BDA26}.Debug|Any CPU.ActiveCfg = Debug|Any CPU
		{855EC777-26EF-451D-8B9D-3220250BDA26}.Debug|Any CPU.Build.0 = Debug|Any CPU
		{855EC777-26EF-451D-8B9D-3220250BDA26}.Release|Any CPU.ActiveCfg = Release|Any CPU
		{855EC777-26EF-451D-8B9D-3220250BDA26}.Release|Any CPU.Build.0 = Release|Any CPU
	EndGlobalSection
	GlobalSection(SolutionProperties) = preSolution
		HideSolutionNode = FALSE
	EndGlobalSection
	GlobalSection(NestedProjects) = preSolution
		{BE3F6CDF-2328-46FE-891B-73BC05C816EA} = {CC4DF350-195A-4AE8-986B-33BCE8451AAF}
		{F43626C7-F358-4A8E-B910-A222857838BC} = {CC4DF350-195A-4AE8-986B-33BCE8451AAF}
		{A00542FD-B81E-4782-BCBB-19B08C45D5A6} = {CC4DF350-195A-4AE8-986B-33BCE8451AAF}
		{911D8147-A644-4E29-B383-6F7DDD97242B} = {CC4DF350-195A-4AE8-986B-33BCE8451AAF}
		{2AAF9A27-EEF9-42A2-B437-E6741747230E} = {07C55352-242E-4C75-AFF6-1B68E79FC0C7}
		{2E6A6FD3-70DF-43D4-A4BA-05C3820D471D} = {07C55352-242E-4C75-AFF6-1B68E79FC0C7}
		{826F8D97-2253-457B-ABF6-1FCC737AE0D3} = {CC4DF350-195A-4AE8-986B-33BCE8451AAF}
		{572E794E-21DB-411C-B488-D38021AB1369} = {CC4DF350-195A-4AE8-986B-33BCE8451AAF}
		{DBE36746-2537-4649-9B8E-6159A4BC0E91} = {CC4DF350-195A-4AE8-986B-33BCE8451AAF}
		{83912CB4-D384-404C-A71C-6E5C96A8BC7A} = {CC4DF350-195A-4AE8-986B-33BCE8451AAF}
		{B68D1EE8-2FD7-437F-B9A8-766EBB37BF6C} = {07C55352-242E-4C75-AFF6-1B68E79FC0C7}
		{FE271729-6035-4C04-98BA-0E759A70C017} = {07C55352-242E-4C75-AFF6-1B68E79FC0C7}
		{E3E9668B-E644-4E8D-9F0D-9D7284197BD5} = {07C55352-242E-4C75-AFF6-1B68E79FC0C7}
		{2501F9B7-7773-4B76-9F26-1009AB1C8E7F} = {CC4DF350-195A-4AE8-986B-33BCE8451AAF}
		{AB0D98A0-4114-47CD-8BEF-ABE9054EFFBE} = {07C55352-242E-4C75-AFF6-1B68E79FC0C7}
		{7F0E756F-48EC-4273-9858-DC4C7E9FC179} = {07C55352-242E-4C75-AFF6-1B68E79FC0C7}
		{F3B1D79F-B13A-458D-9B77-9DF7C41AB317} = {681B7E4D-8679-4B27-A52A-D67D179CBD69}
		{855EC777-26EF-451D-8B9D-3220250BDA26} = {681B7E4D-8679-4B27-A52A-D67D179CBD69}
		{681B7E4D-8679-4B27-A52A-D67D179CBD69} = {CC4DF350-195A-4AE8-986B-33BCE8451AAF}
	EndGlobalSection
	GlobalSection(ExtensibilityGlobals) = postSolution
		SolutionGuid = {09A01B16-723F-4210-98B4-080307916EC3}
	EndGlobalSection
EndGlobal
